PODS:
  - RxModel (0.2.1):
    - RxSwift (~> 4.0)
  - RxSwift (4.1.2)

DEPENDENCIES:
  - RxModel (from `../`)

EXTERNAL SOURCES:
  RxModel:
    :path: ../

SPEC CHECKSUMS:
  RxModel: 33e696c5c67cce3fbfd784731b705ad85ea996a0
  RxSwift: e49536837d9901277638493ea537394d4b55f570

PODFILE CHECKSUM: c16c9867b748ebf9d57759ce2c29e03989e921a6

COCOAPODS: 1.4.0
