PODS:
  - RxAtomic (4.4.0)
  - RxModel (0.3.1):
    - RxSwift (~> 4.0)
  - RxSwift (4.4.0):
    - RxAtomic (~> 4.4)

DEPENDENCIES:
  - RxModel (from `../`)

SPEC REPOS:
  https://github.com/cocoapods/specs.git:
    - RxAtomic
    - RxSwift

EXTERNAL SOURCES:
  RxModel:
    :path: "../"

SPEC CHECKSUMS:
  RxAtomic: eacf60db868c96bfd63320e28619fe29c179656f
  RxModel: eacc98fae1094e5c57aead917c646b7fc29a76b6
  RxSwift: 5976ecd04fc2fefd648827c23de5e11157faa973

PODFILE CHECKSUM: c16c9867b748ebf9d57759ce2c29e03989e921a6

COCOAPODS: 1.5.3
